# Certification-only threshold-shifted inertia environment.
# NumPy supplies diagnostic/preconditioner values only; Arb/acb supplies proof.
python-flint==0.9.0 \
    --hash=sha256:8f1059536b7393e48b1444894c3b54ce1b961e4aa4a356e19217b26690f20db0
PyYAML==6.0.3 \
    --hash=sha256:5fcd34e47f6e0b794d17de1b4ff496c00986e1c83f7ab2fb8fcfe9616ff7477b
numpy==2.5.2 \
    --hash=sha256:28ac63476ec7651484215ee7fa15a1f78b57c14621f01e392afe17b9a1390ce4
