# Certification-only validated arithmetic dependency.
# This lock is intentionally separate from requirements-publication.lock.
# Wheel verified on CPython 3.12 / Windows x86-64.
python-flint==0.9.0 \
    --hash=sha256:8f1059536b7393e48b1444894c3b54ce1b961e4aa4a356e19217b26690f20db0
PyYAML==6.0.3 \
    --hash=sha256:5fcd34e47f6e0b794d17de1b4ff496c00986e1c83f7ab2fb8fcfe9616ff7477b
